
Microsoft Visual Studio Solution File, Format Version 12.00
# Visual Studio Version 17
VisualStudioVersion = 17.11.35222.181
MinimumVisualStudioVersion = 10.0.40219.1
Project("{FAE04EC0-301F-11D3-BF4B-00C04F79EFBC}") = "DataStructures", "DataStructures\DataStructures.csproj", "{CE8D9631-C0F0-4B7E-9F7F-779ACD7277E2}"
EndProject
Global
	GlobalSection(SolutionConfigurationPlatforms) = preSolution
		Debug|Any CPU = Debug|Any CPU
		Release|Any CPU = Release|Any CPU
	EndGlobalSection
	GlobalSection(ProjectConfigurationPlatforms) = postSolution
		{CE8D9631-C0F0-4B7E-9F7F-779ACD7277E2}.Debug|Any CPU.ActiveCfg = Debug|Any CPU
		{CE8D9631-C0F0-4B7E-9F7F-779ACD7277E2}.Debug|Any CPU.Build.0 = Debug|Any CPU
		{CE8D9631-C0F0-4B7E-9F7F-779ACD7277E2}.Release|Any CPU.ActiveCfg = Release|Any CPU
		{CE8D9631-C0F0-4B7E-9F7F-779ACD7277E2}.Release|Any CPU.Build.0 = Release|Any CPU
	EndGlobalSection
	GlobalSection(SolutionProperties) = preSolution
		HideSolutionNode = FALSE
	EndGlobalSection
	GlobalSection(ExtensibilityGlobals) = postSolution
		SolutionGuid = {8777EF66-E788-417F-8EC6-5CDBC9000C1E}
	EndGlobalSection
EndGlobal
